
Microsoft Visual Studio Solution File, Format Version 12.00
# Visual Studio Version 17
VisualStudioVersion = 17.8.34330.188
MinimumVisualStudioVersion = 10.0.40219.1
Project("{FAE04EC0-301F-11D3-BF4B-00C04F79EFBC}") = "AzureAdInSSR8", "AzureAdInSSR8\AzureAdInSSR8.csproj", "{B45C53F3-C4D8-4EA7-99DE-A2D719365B86}"
EndProject
Global
	GlobalSection(SolutionConfigurationPlatforms) = preSolution
		Debug|Any CPU = Debug|Any CPU
		Release|Any CPU = Release|Any CPU
	EndGlobalSection
	GlobalSection(ProjectConfigurationPlatforms) = postSolution
		{B45C53F3-C4D8-4EA7-99DE-A2D719365B86}.Debug|Any CPU.ActiveCfg = Debug|Any CPU
		{B45C53F3-C4D8-4EA7-99DE-A2D719365B86}.Debug|Any CPU.Build.0 = Debug|Any CPU
		{B45C53F3-C4D8-4EA7-99DE-A2D719365B86}.Release|Any CPU.ActiveCfg = Release|Any CPU
		{B45C53F3-C4D8-4EA7-99DE-A2D719365B86}.Release|Any CPU.Build.0 = Release|Any CPU
	EndGlobalSection
	GlobalSection(SolutionProperties) = preSolution
		HideSolutionNode = FALSE
	EndGlobalSection
	GlobalSection(ExtensibilityGlobals) = postSolution
		SolutionGuid = {55BD8044-1CD7-43E8-959B-87AD2500AE87}
	EndGlobalSection
EndGlobal
